// !$*UTF8*$!
{
	archiveVersion = 1;
	classes = {
	};
	objectVersion = 54;
	objects = {

/* Begin PBXBuildFile section */
		113E0E5D22B164A600E4295B /* AppDelegate.swift in Sources */ = {isa = PBXBuildFile; fileRef = 113E0E5C22B164A600E4295B /* AppDelegate.swift */; };
		113E0E5F22B164A600E4295B /* ViewController.swift in Sources */ = {isa = PBXBuildFile; fileRef = 113E0E5E22B164A600E4295B /* ViewController.swift */; };
		113E0E6122B164A700E4295B /* Assets.xcassets in Resources */ = {isa = PBXBuildFile; fileRef = 113E0E6022B164A700E4295B /* Assets.xcassets */; };
		113E0E6422B164A700E4295B /* Main.storyboard in Resources */ = {isa = PBXBuildFile; fileRef = 113E0E6222B164A700E4295B /* Main.storyboard */; };
		113E0E7022B164A700E4295B /* Grove_SupportTests.swift in Sources */ = {isa = PBXBuildFile; fileRef = 113E0E6F22B164A700E4295B /* Grove_SupportTests.swift */; };
		113E0E7B22B164A700E4295B /* Grove_SupportUITests.swift in Sources */ = {isa = PBXBuildFile; fileRef = 113E0E7A22B164A700E4295B /* Grove_SupportUITests.swift */; };
		113E0E8922B164E600E4295B /* EventMonitor.swift in Sources */ = {isa = PBXBuildFile; fileRef = 113E0E8822B164E600E4295B /* EventMonitor.swift */; };
		1141962122B296E800B51DED /* info.html in Resources */ = {isa = PBXBuildFile; fileRef = 1141962022B296E800B51DED /* info.html */; };
		1141962322B2970600B51DED /* store.html in Resources */ = {isa = PBXBuildFile; fileRef = 1141962222B2970600B51DED /* store.html */; };
		1141962622B2972E00B51DED /* calendar.html in Resources */ = {isa = PBXBuildFile; fileRef = 1141962422B2972E00B51DED /* calendar.html */; };
		1141962722B2972E00B51DED /* blog.html in Resources */ = {isa = PBXBuildFile; fileRef = 1141962522B2972E00B51DED /* blog.html */; };
		1141962A22B2988700B51DED /* common.js in Resources */ = {isa = PBXBuildFile; fileRef = 1141962822B2988700B51DED /* common.js */; };
		1141962B22B2988700B51DED /* common.css in Resources */ = {isa = PBXBuildFile; fileRef = 1141962922B2988700B51DED /* common.css */; };
		11C37EBD22B16D46006D3997 /* offline.png in Resources */ = {isa = PBXBuildFile; fileRef = 11C37EBB22B16D46006D3997 /* offline.png */; };
		11C37EBE22B16D46006D3997 /* first_tab.html in Resources */ = {isa = PBXBuildFile; fileRef = 11C37EBC22B16D46006D3997 /* first_tab.html */; };
		11C37EC122B16ED9006D3997 /* spinnerbar.gif in Resources */ = {isa = PBXBuildFile; fileRef = 11C37EC022B16ED9006D3997 /* spinnerbar.gif */; };
		11CA48F822B2A19C009B401F /* dsa_pub.pem in Resources */ = {isa = PBXBuildFile; fileRef = 11CA48F722B2A19C009B401F /* dsa_pub.pem */; };
		7CC00E20657FCD3BC67A037E /* Pods_Grove_Support.framework in Frameworks */ = {isa = PBXBuildFile; fileRef = BB4BC72B1F391EA88B225A1F /* Pods_Grove_Support.framework */; };
		FC462D9A2756B55C0069FA87 /* tailwind.min.css in Resources */ = {isa = PBXBuildFile; fileRef = FC462D992756B55C0069FA87 /* tailwind.min.css */; };
		FC917A8925BA739800AB43AA /* ServiceManagement.framework in Frameworks */ = {isa = PBXBuildFile; fileRef = FCE8B42C22B3299D00F85B67 /* ServiceManagement.framework */; };
		FCD7885A265F016C00CB0718 /* LaunchAtLogin in Frameworks */ = {isa = PBXBuildFile; productRef = FCD78859265F016C00CB0718 /* LaunchAtLogin */; };
/* End PBXBuildFile section */

/* Begin PBXContainerItemProxy section */
		113E0E6C22B164A700E4295B /* PBXContainerItemProxy */ = {
			isa = PBXContainerItemProxy;
			containerPortal = 113E0E5122B164A600E4295B /* Project object */;
			proxyType = 1;
			remoteGlobalIDString = 113E0E5822B164A600E4295B;
			remoteInfo = "Grove Support";
		};
		113E0E7722B164A700E4295B /* PBXContainerItemProxy */ = {
			isa = PBXContainerItemProxy;
			containerPortal = 113E0E5122B164A600E4295B /* Project object */;
			proxyType = 1;
			remoteGlobalIDString = 113E0E5822B164A600E4295B;
			remoteInfo = "Grove Support";
		};
/* End PBXContainerItemProxy section */

/* Begin PBXFileReference section */
		113E0E5922B164A600E4295B /* Grove Support.app */ = {isa = PBXFileReference; explicitFileType = wrapper.application; includeInIndex = 0; path = "Grove Support.app"; sourceTree = BUILT_PRODUCTS_DIR; };
		113E0E5C22B164A600E4295B /* AppDelegate.swift */ = {isa = PBXFileReference; lastKnownFileType = sourcecode.swift; path = AppDelegate.swift; sourceTree = "<group>"; };
		113E0E5E22B164A600E4295B /* ViewController.swift */ = {isa = PBXFileReference; lastKnownFileType = sourcecode.swift; path = ViewController.swift; sourceTree = "<group>"; };
		113E0E6022B164A700E4295B /* Assets.xcassets */ = {isa = PBXFileReference; lastKnownFileType = folder.assetcatalog; path = Assets.xcassets; sourceTree = "<group>"; };
		113E0E6322B164A700E4295B /* Base */ = {isa = PBXFileReference; lastKnownFileType = file.storyboard; name = Base; path = Base.lproj/Main.storyboard; sourceTree = "<group>"; };
		113E0E6522B164A700E4295B /* Info.plist */ = {isa = PBXFileReference; lastKnownFileType = text.plist.xml; path = Info.plist; sourceTree = "<group>"; };
		113E0E6B22B164A700E4295B /* Grove SupportTests.xctest */ = {isa = PBXFileReference; explicitFileType = wrapper.cfbundle; includeInIndex = 0; path = "Grove SupportTests.xctest"; sourceTree = BUILT_PRODUCTS_DIR; };
		113E0E6F22B164A700E4295B /* Grove_SupportTests.swift */ = {isa = PBXFileReference; lastKnownFileType = sourcecode.swift; path = Grove_SupportTests.swift; sourceTree = "<group>"; };
		113E0E7122B164A700E4295B /* Info.plist */ = {isa = PBXFileReference; lastKnownFileType = text.plist.xml; path = Info.plist; sourceTree = "<group>"; };
		113E0E7622B164A700E4295B /* Grove SupportUITests.xctest */ = {isa = PBXFileReference; explicitFileType = wrapper.cfbundle; includeInIndex = 0; path = "Grove SupportUITests.xctest"; sourceTree = BUILT_PRODUCTS_DIR; };
		113E0E7A22B164A700E4295B /* Grove_SupportUITests.swift */ = {isa = PBXFileReference; lastKnownFileType = sourcecode.swift; path = Grove_SupportUITests.swift; sourceTree = "<group>"; };
		113E0E7C22B164A700E4295B /* Info.plist */ = {isa = PBXFileReference; lastKnownFileType = text.plist.xml; path = Info.plist; sourceTree = "<group>"; };
		113E0E8822B164E600E4295B /* EventMonitor.swift */ = {isa = PBXFileReference; fileEncoding = 4; lastKnownFileType = sourcecode.swift; path = EventMonitor.swift; sourceTree = "<group>"; };
		1141962022B296E800B51DED /* info.html */ = {isa = PBXFileReference; fileEncoding = 4; lastKnownFileType = text.html; path = info.html; sourceTree = "<group>"; };
		1141962222B2970600B51DED /* store.html */ = {isa = PBXFileReference; fileEncoding = 4; lastKnownFileType = text.html; path = store.html; sourceTree = "<group>"; };
		1141962422B2972E00B51DED /* calendar.html */ = {isa = PBXFileReference; fileEncoding = 4; lastKnownFileType = text.html; path = calendar.html; sourceTree = "<group>"; };
		1141962522B2972E00B51DED /* blog.html */ = {isa = PBXFileReference; fileEncoding = 4; lastKnownFileType = text.html; path = blog.html; sourceTree = "<group>"; };
		1141962822B2988700B51DED /* common.js */ = {isa = PBXFileReference; fileEncoding = 4; lastKnownFileType = sourcecode.javascript; path = common.js; sourceTree = "<group>"; };
		1141962922B2988700B51DED /* common.css */ = {isa = PBXFileReference; fileEncoding = 4; lastKnownFileType = text.css; path = common.css; sourceTree = "<group>"; };
		11C37EBB22B16D46006D3997 /* offline.png */ = {isa = PBXFileReference; lastKnownFileType = image.png; path = offline.png; sourceTree = "<group>"; };
		11C37EBC22B16D46006D3997 /* first_tab.html */ = {isa = PBXFileReference; fileEncoding = 4; lastKnownFileType = text.html; path = first_tab.html; sourceTree = "<group>"; };
		11C37EC022B16ED9006D3997 /* spinnerbar.gif */ = {isa = PBXFileReference; lastKnownFileType = image.gif; path = spinnerbar.gif; sourceTree = "<group>"; };
		11CA48F722B2A19C009B401F /* dsa_pub.pem */ = {isa = PBXFileReference; fileEncoding = 4; lastKnownFileType = text; path = dsa_pub.pem; sourceTree = "<group>"; };
		3ACCFF1A7354685ABC854C5E /* Pods-Grove Support.debug.xcconfig */ = {isa = PBXFileReference; includeInIndex = 1; lastKnownFileType = text.xcconfig; name = "Pods-Grove Support.debug.xcconfig"; path = "Target Support Files/Pods-Grove Support/Pods-Grove Support.debug.xcconfig"; sourceTree = "<group>"; };
		BB4BC72B1F391EA88B225A1F /* Pods_Grove_Support.framework */ = {isa = PBXFileReference; explicitFileType = wrapper.framework; includeInIndex = 0; path = Pods_Grove_Support.framework; sourceTree = BUILT_PRODUCTS_DIR; };
		D818B0E71C5C5512A749BDBF /* Pods-Grove Support.release.xcconfig */ = {isa = PBXFileReference; includeInIndex = 1; lastKnownFileType = text.xcconfig; name = "Pods-Grove Support.release.xcconfig"; path = "Target Support Files/Pods-Grove Support/Pods-Grove Support.release.xcconfig"; sourceTree = "<group>"; };
		FC462D992756B55C0069FA87 /* tailwind.min.css */ = {isa = PBXFileReference; fileEncoding = 4; lastKnownFileType = text.css; path = tailwind.min.css; sourceTree = "<group>"; };
		FC4CB3EE22B2FBB600DDFDBC /* Grove Support.entitlements */ = {isa = PBXFileReference; lastKnownFileType = text.plist.entitlements; path = "Grove Support.entitlements"; sourceTree = "<group>"; };
		FCE8B42C22B3299D00F85B67 /* ServiceManagement.framework */ = {isa = PBXFileReference; lastKnownFileType = wrapper.framework; name = ServiceManagement.framework; path = System/Library/Frameworks/ServiceManagement.framework; sourceTree = SDKROOT; };
/* End PBXFileReference section */

/* Begin PBXFrameworksBuildPhase section */
		113E0E5622B164A600E4295B /* Frameworks */ = {
			isa = PBXFrameworksBuildPhase;
			buildActionMask = 2147483647;
			files = (
				FCD7885A265F016C00CB0718 /* LaunchAtLogin in Frameworks */,
				FC917A8925BA739800AB43AA /* ServiceManagement.framework in Frameworks */,
				7CC00E20657FCD3BC67A037E /* Pods_Grove_Support.framework in Frameworks */,
			);
			runOnlyForDeploymentPostprocessing = 0;
		};
		113E0E6822B164A700E4295B /* Frameworks */ = {
			isa = PBXFrameworksBuildPhase;
			buildActionMask = 2147483647;
			files = (
			);
			runOnlyForDeploymentPostprocessing = 0;
		};
		113E0E7322B164A700E4295B /* Frameworks */ = {
			isa = PBXFrameworksBuildPhase;
			buildActionMask = 2147483647;
			files = (
			);
			runOnlyForDeploymentPostprocessing = 0;
		};
/* End PBXFrameworksBuildPhase section */

/* Begin PBXGroup section */
		113E0E5022B164A600E4295B = {
			isa = PBXGroup;
			children = (
				113E0E5B22B164A600E4295B /* Grove Support */,
				113E0E6E22B164A700E4295B /* Grove SupportTests */,
				113E0E7922B164A700E4295B /* Grove SupportUITests */,
				113E0E5A22B164A600E4295B /* Products */,
				1141962E22B29DC900B51DED /* Frameworks */,
				659B6031AFA1491C59F81985 /* Pods */,
			);
			sourceTree = "<group>";
		};
		113E0E5A22B164A600E4295B /* Products */ = {
			isa = PBXGroup;
			children = (
				113E0E5922B164A600E4295B /* Grove Support.app */,
				113E0E6B22B164A700E4295B /* Grove SupportTests.xctest */,
				113E0E7622B164A700E4295B /* Grove SupportUITests.xctest */,
			);
			name = Products;
			sourceTree = "<group>";
		};
		113E0E5B22B164A600E4295B /* Grove Support */ = {
			isa = PBXGroup;
			children = (
				FC4CB3EE22B2FBB600DDFDBC /* Grove Support.entitlements */,
				11CA48F722B2A19C009B401F /* dsa_pub.pem */,
				113E0E8822B164E600E4295B /* EventMonitor.swift */,
				113E0E5C22B164A600E4295B /* AppDelegate.swift */,
				113E0E5E22B164A600E4295B /* ViewController.swift */,
				1141961F22B2968100B51DED /* HTML Files */,
				1141961E22B2966B00B51DED /* Images */,
				113E0E6022B164A700E4295B /* Assets.xcassets */,
				113E0E6222B164A700E4295B /* Main.storyboard */,
				113E0E6522B164A700E4295B /* Info.plist */,
			);
			path = "Grove Support";
			sourceTree = "<group>";
		};
		113E0E6E22B164A700E4295B /* Grove SupportTests */ = {
			isa = PBXGroup;
			children = (
				113E0E6F22B164A700E4295B /* Grove_SupportTests.swift */,
				113E0E7122B164A700E4295B /* Info.plist */,
			);
			path = "Grove SupportTests";
			sourceTree = "<group>";
		};
		113E0E7922B164A700E4295B /* Grove SupportUITests */ = {
			isa = PBXGroup;
			children = (
				113E0E7A22B164A700E4295B /* Grove_SupportUITests.swift */,
				113E0E7C22B164A700E4295B /* Info.plist */,
			);
			path = "Grove SupportUITests";
			sourceTree = "<group>";
		};
		1141961E22B2966B00B51DED /* Images */ = {
			isa = PBXGroup;
			children = (
				11C37EC022B16ED9006D3997 /* spinnerbar.gif */,
				11C37EBB22B16D46006D3997 /* offline.png */,
			);
			path = Images;
			sourceTree = "<group>";
		};
		1141961F22B2968100B51DED /* HTML Files */ = {
			isa = PBXGroup;
			children = (
				FC462D992756B55C0069FA87 /* tailwind.min.css */,
				1141962922B2988700B51DED /* common.css */,
				1141962822B2988700B51DED /* common.js */,
				11C37EBC22B16D46006D3997 /* first_tab.html */,
				1141962522B2972E00B51DED /* blog.html */,
				1141962422B2972E00B51DED /* calendar.html */,
				1141962222B2970600B51DED /* store.html */,
				1141962022B296E800B51DED /* info.html */,
			);
			path = "HTML Files";
			sourceTree = "<group>";
		};
		1141962E22B29DC900B51DED /* Frameworks */ = {
			isa = PBXGroup;
			children = (
				FCE8B42C22B3299D00F85B67 /* ServiceManagement.framework */,
				BB4BC72B1F391EA88B225A1F /* Pods_Grove_Support.framework */,
			);
			name = Frameworks;
			sourceTree = "<group>";
		};
		659B6031AFA1491C59F81985 /* Pods */ = {
			isa = PBXGroup;
			children = (
				3ACCFF1A7354685ABC854C5E /* Pods-Grove Support.debug.xcconfig */,
				D818B0E71C5C5512A749BDBF /* Pods-Grove Support.release.xcconfig */,
			);
			path = Pods;
			sourceTree = "<group>";
		};
/* End PBXGroup section */

/* Begin PBXNativeTarget section */
		113E0E5822B164A600E4295B /* Grove Support */ = {
			isa = PBXNativeTarget;
			buildConfigurationList = 113E0E7F22B164A700E4295B /* Build configuration list for PBXNativeTarget "Grove Support" */;
			buildPhases = (
				3FA9379E1256EE0143A75FA5 /* [CP] Check Pods Manifest.lock */,
				113E0E5522B164A600E4295B /* Sources */,
				113E0E5622B164A600E4295B /* Frameworks */,
				113E0E5722B164A600E4295B /* Resources */,
				FC5ACB3C22B3017E00EC5D52 /* ShellScript */,
				FCE7304F265F6E6900C96DC8 /* ShellScript */,
				92A701C3661EB8C468F8BE21 /* [CP] Embed Pods Frameworks */,
			);
			buildRules = (
			);
			dependencies = (
			);
			name = "Grove Support";
			packageProductDependencies = (
				FCD78859265F016C00CB0718 /* LaunchAtLogin */,
			);
			productName = "Grove Support";
			productReference = 113E0E5922B164A600E4295B /* Grove Support.app */;
			productType = "com.apple.product-type.application";
		};
		113E0E6A22B164A700E4295B /* Grove SupportTests */ = {
			isa = PBXNativeTarget;
			buildConfigurationList = 113E0E8222B164A700E4295B /* Build configuration list for PBXNativeTarget "Grove SupportTests" */;
			buildPhases = (
				113E0E6722B164A700E4295B /* Sources */,
				113E0E6822B164A700E4295B /* Frameworks */,
				113E0E6922B164A700E4295B /* Resources */,
			);
			buildRules = (
			);
			dependencies = (
				113E0E6D22B164A700E4295B /* PBXTargetDependency */,
			);
			name = "Grove SupportTests";
			productName = "Grove SupportTests";
			productReference = 113E0E6B22B164A700E4295B /* Grove SupportTests.xctest */;
			productType = "com.apple.product-type.bundle.unit-test";
		};
		113E0E7522B164A700E4295B /* Grove SupportUITests */ = {
			isa = PBXNativeTarget;
			buildConfigurationList = 113E0E8522B164A700E4295B /* Build configuration list for PBXNativeTarget "Grove SupportUITests" */;
			buildPhases = (
				113E0E7222B164A700E4295B /* Sources */,
				113E0E7322B164A700E4295B /* Frameworks */,
				113E0E7422B164A700E4295B /* Resources */,
			);
			buildRules = (
			);
			dependencies = (
				113E0E7822B164A700E4295B /* PBXTargetDependency */,
			);
			name = "Grove SupportUITests";
			productName = "Grove SupportUITests";
			productReference = 113E0E7622B164A700E4295B /* Grove SupportUITests.xctest */;
			productType = "com.apple.product-type.bundle.ui-testing";
		};
/* End PBXNativeTarget section */

/* Begin PBXProject section */
		113E0E5122B164A600E4295B /* Project object */ = {
			isa = PBXProject;
			attributes = {
				LastSwiftUpdateCheck = 1020;
				LastUpgradeCheck = 1420;
				ORGANIZATIONNAME = "Jon Brown";
				TargetAttributes = {
					113E0E5822B164A600E4295B = {
						CreatedOnToolsVersion = 10.2.1;
						SystemCapabilities = {
							com.apple.ApplicationGroups.Mac = {
								enabled = 0;
							};
							com.apple.HardenedRuntime = {
								enabled = 1;
							};
							com.apple.Sandbox = {
								enabled = 0;
							};
						};
					};
					113E0E6A22B164A700E4295B = {
						CreatedOnToolsVersion = 10.2.1;
						TestTargetID = 113E0E5822B164A600E4295B;
					};
					113E0E7522B164A700E4295B = {
						CreatedOnToolsVersion = 10.2.1;
						TestTargetID = 113E0E5822B164A600E4295B;
					};
				};
			};
			buildConfigurationList = 113E0E5422B164A600E4295B /* Build configuration list for PBXProject "Grove Support" */;
			compatibilityVersion = "Xcode 12.0";
			developmentRegion = en;
			hasScannedForEncodings = 0;
			knownRegions = (
				en,
				Base,
			);
			mainGroup = 113E0E5022B164A600E4295B;
			packageReferences = (
				FCD78858265F016C00CB0718 /* XCRemoteSwiftPackageReference "LaunchAtLogin" */,
			);
			productRefGroup = 113E0E5A22B164A600E4295B /* Products */;
			projectDirPath = "";
			projectRoot = "";
			targets = (
				113E0E5822B164A600E4295B /* Grove Support */,
				113E0E6A22B164A700E4295B /* Grove SupportTests */,
				113E0E7522B164A700E4295B /* Grove SupportUITests */,
			);
		};
/* End PBXProject section */

/* Begin PBXResourcesBuildPhase section */
		113E0E5722B164A600E4295B /* Resources */ = {
			isa = PBXResourcesBuildPhase;
			buildActionMask = 2147483647;
			files = (
				1141962322B2970600B51DED /* store.html in Resources */,
				1141962B22B2988700B51DED /* common.css in Resources */,
				113E0E6122B164A700E4295B /* Assets.xcassets in Resources */,
				1141962722B2972E00B51DED /* blog.html in Resources */,
				1141962622B2972E00B51DED /* calendar.html in Resources */,
				113E0E6422B164A700E4295B /* Main.storyboard in Resources */,
				1141962122B296E800B51DED /* info.html in Resources */,
				11C37EBD22B16D46006D3997 /* offline.png in Resources */,
				11CA48F822B2A19C009B401F /* dsa_pub.pem in Resources */,
				11C37EC122B16ED9006D3997 /* spinnerbar.gif in Resources */,
				11C37EBE22B16D46006D3997 /* first_tab.html in Resources */,
				1141962A22B2988700B51DED /* common.js in Resources */,
				FC462D9A2756B55C0069FA87 /* tailwind.min.css in Resources */,
			);
			runOnlyForDeploymentPostprocessing = 0;
		};
		113E0E6922B164A700E4295B /* Resources */ = {
			isa = PBXResourcesBuildPhase;
			buildActionMask = 2147483647;
			files = (
			);
			runOnlyForDeploymentPostprocessing = 0;
		};
		113E0E7422B164A700E4295B /* Resources */ = {
			isa = PBXResourcesBuildPhase;
			buildActionMask = 2147483647;
			files = (
			);
			runOnlyForDeploymentPostprocessing = 0;
		};
/* End PBXResourcesBuildPhase section */

/* Begin PBXShellScriptBuildPhase section */
		3FA9379E1256EE0143A75FA5 /* [CP] Check Pods Manifest.lock */ = {
			isa = PBXShellScriptBuildPhase;
			buildActionMask = 2147483647;
			files = (
			);
			inputFileListPaths = (
			);
			inputPaths = (
				"${PODS_PODFILE_DIR_PATH}/Podfile.lock",
				"${PODS_ROOT}/Manifest.lock",
			);
			name = "[CP] Check Pods Manifest.lock";
			outputFileListPaths = (
			);
			outputPaths = (
				"$(DERIVED_FILE_DIR)/Pods-Grove Support-checkManifestLockResult.txt",
			);
			runOnlyForDeploymentPostprocessing = 0;
			shellPath = /bin/sh;
			shellScript = "diff \"${PODS_PODFILE_DIR_PATH}/Podfile.lock\" \"${PODS_ROOT}/Manifest.lock\" > /dev/null\nif [ $? != 0 ] ; then\n    # print error to STDERR\n    echo \"error: The sandbox is not in sync with the Podfile.lock. Run 'pod install' or update your CocoaPods installation.\" >&2\n    exit 1\nfi\n# This output is used by Xcode 'outputs' to avoid re-running this script phase.\necho \"SUCCESS\" > \"${SCRIPT_OUTPUT_FILE_0}\"\n";
			showEnvVarsInLog = 0;
		};
		92A701C3661EB8C468F8BE21 /* [CP] Embed Pods Frameworks */ = {
			isa = PBXShellScriptBuildPhase;
			buildActionMask = 2147483647;
			files = (
			);
			inputFileListPaths = (
				"${PODS_ROOT}/Target Support Files/Pods-Grove Support/Pods-Grove Support-frameworks-${CONFIGURATION}-input-files.xcfilelist",
			);
			name = "[CP] Embed Pods Frameworks";
			outputFileListPaths = (
				"${PODS_ROOT}/Target Support Files/Pods-Grove Support/Pods-Grove Support-frameworks-${CONFIGURATION}-output-files.xcfilelist",
			);
			runOnlyForDeploymentPostprocessing = 0;
			shellPath = /bin/sh;
			shellScript = "\"${PODS_ROOT}/Target Support Files/Pods-Grove Support/Pods-Grove Support-frameworks.sh\"\n";
			showEnvVarsInLog = 0;
		};
		FC5ACB3C22B3017E00EC5D52 /* ShellScript */ = {
			isa = PBXShellScriptBuildPhase;
			buildActionMask = 8;
			files = (
			);
			inputFileListPaths = (
			);
			inputPaths = (
			);
			outputFileListPaths = (
			);
			outputPaths = (
			);
			runOnlyForDeploymentPostprocessing = 1;
			shellPath = /bin/sh;
			shellScript = "LOCATION=\"${BUILT_PRODUCTS_DIR}\"/\"${FRAMEWORKS_FOLDER_PATH}\"\n\n# By default, use the configured code signing identity for the project/target\nIDENTITY=\"${CODE_SIGN_IDENTITY}\"\nif [ \"$IDENTITY\" == \"\" ]\nthen\n# If a code signing identity is not specified, use ad hoc signing\nIDENTITY=\"-\"\nfi\ncodesign --verbose --force --deep -o runtime --sign \"$IDENTITY\" \"$LOCATION/Sparkle.framework/Versions/A/Resources/AutoUpdate.app\"\ncodesign --verbose --force -o runtime --sign \"$IDENTITY\" \"$LOCATION/Sparkle.framework/Versions/A\"\n\n";
		};
		FCE7304F265F6E6900C96DC8 /* ShellScript */ = {
			isa = PBXShellScriptBuildPhase;
			buildActionMask = 12;
			files = (
			);
			inputFileListPaths = (
			);
			inputPaths = (
			);
			outputFileListPaths = (
			);
			outputPaths = (
			);
			runOnlyForDeploymentPostprocessing = 0;
			shellPath = /bin/sh;
			shellScript = "\"${BUILT_PRODUCTS_DIR}/LaunchAtLogin_LaunchAtLogin.bundle/Contents/Resources/copy-helper-swiftpm.sh\"\n";
		};
/* End PBXShellScriptBuildPhase section */

/* Begin PBXSourcesBuildPhase section */
		113E0E5522B164A600E4295B /* Sources */ = {
			isa = PBXSourcesBuildPhase;
			buildActionMask = 2147483647;
			files = (
				113E0E8922B164E600E4295B /* EventMonitor.swift in Sources */,
				113E0E5F22B164A600E4295B /* ViewController.swift in Sources */,
				113E0E5D22B164A600E4295B /* AppDelegate.swift in Sources */,
			);
			runOnlyForDeploymentPostprocessing = 0;
		};
		113E0E6722B164A700E4295B /* Sources */ = {
			isa = PBXSourcesBuildPhase;
			buildActionMask = 2147483647;
			files = (
				113E0E7022B164A700E4295B /* Grove_SupportTests.swift in Sources */,
			);
			runOnlyForDeploymentPostprocessing = 0;
		};
		113E0E7222B164A700E4295B /* Sources */ = {
			isa = PBXSourcesBuildPhase;
			buildActionMask = 2147483647;
			files = (
				113E0E7B22B164A700E4295B /* Grove_SupportUITests.swift in Sources */,
			);
			runOnlyForDeploymentPostprocessing = 0;
		};
/* End PBXSourcesBuildPhase section */

/* Begin PBXTargetDependency section */
		113E0E6D22B164A700E4295B /* PBXTargetDependency */ = {
			isa = PBXTargetDependency;
			target = 113E0E5822B164A600E4295B /* Grove Support */;
			targetProxy = 113E0E6C22B164A700E4295B /* PBXContainerItemProxy */;
		};
		113E0E7822B164A700E4295B /* PBXTargetDependency */ = {
			isa = PBXTargetDependency;
			target = 113E0E5822B164A600E4295B /* Grove Support */;
			targetProxy = 113E0E7722B164A700E4295B /* PBXContainerItemProxy */;
		};
/* End PBXTargetDependency section */

/* Begin PBXVariantGroup section */
		113E0E6222B164A700E4295B /* Main.storyboard */ = {
			isa = PBXVariantGroup;
			children = (
				113E0E6322B164A700E4295B /* Base */,
			);
			name = Main.storyboard;
			sourceTree = "<group>";
		};
/* End PBXVariantGroup section */

/* Begin XCBuildConfiguration section */
		113E0E7D22B164A700E4295B /* Debug */ = {
			isa = XCBuildConfiguration;
			buildSettings = {
				ALWAYS_SEARCH_USER_PATHS = NO;
				CLANG_ANALYZER_NONNULL = YES;
				CLANG_ANALYZER_NUMBER_OBJECT_CONVERSION = YES_AGGRESSIVE;
				CLANG_CXX_LANGUAGE_STANDARD = "gnu++14";
				CLANG_CXX_LIBRARY = "libc++";
				CLANG_ENABLE_CODE_COVERAGE = NO;
				"CLANG_ENABLE_CODE_COVERAGE[arch=*]" = NO;
				CLANG_ENABLE_MODULES = YES;
				CLANG_ENABLE_OBJC_ARC = YES;
				CLANG_ENABLE_OBJC_WEAK = YES;
				CLANG_WARN_BLOCK_CAPTURE_AUTORELEASING = YES;
				CLANG_WARN_BOOL_CONVERSION = YES;
				CLANG_WARN_COMMA = YES;
				CLANG_WARN_CONSTANT_CONVERSION = YES;
				CLANG_WARN_DEPRECATED_OBJC_IMPLEMENTATIONS = YES;
				CLANG_WARN_DIRECT_OBJC_ISA_USAGE = YES_ERROR;
				CLANG_WARN_DOCUMENTATION_COMMENTS = YES;
				CLANG_WARN_EMPTY_BODY = YES;
				CLANG_WARN_ENUM_CONVERSION = YES;
				CLANG_WARN_INFINITE_RECURSION = YES;
				CLANG_WARN_INT_CONVERSION = YES;
				CLANG_WARN_NON_LITERAL_NULL_CONVERSION = YES;
				CLANG_WARN_OBJC_IMPLICIT_RETAIN_SELF = YES;
				CLANG_WARN_OBJC_LITERAL_CONVERSION = YES;
				CLANG_WARN_OBJC_ROOT_CLASS = YES_ERROR;
				CLANG_WARN_QUOTED_INCLUDE_IN_FRAMEWORK_HEADER = YES;
				CLANG_WARN_RANGE_LOOP_ANALYSIS = YES;
				CLANG_WARN_STRICT_PROTOTYPES = YES;
				CLANG_WARN_SUSPICIOUS_MOVE = YES;
				CLANG_WARN_UNGUARDED_AVAILABILITY = YES_AGGRESSIVE;
				CLANG_WARN_UNREACHABLE_CODE = YES;
				CLANG_WARN__DUPLICATE_METHOD_MATCH = YES;
				CODE_SIGN_IDENTITY = "Mac Developer";
				COPY_PHASE_STRIP = NO;
				DEAD_CODE_STRIPPING = YES;
				DEBUG_INFORMATION_FORMAT = dwarf;
				ENABLE_STRICT_OBJC_MSGSEND = YES;
				ENABLE_TESTABILITY = YES;
				"EXCLUDED_ARCHS[sdk=*]" = arm64;
				GCC_C_LANGUAGE_STANDARD = gnu11;
				GCC_DYNAMIC_NO_PIC = NO;
				GCC_NO_COMMON_BLOCKS = YES;
				GCC_OPTIMIZATION_LEVEL = 0;
				GCC_PREPROCESSOR_DEFINITIONS = (
					"DEBUG=1",
					"$(inherited)",
				);
				GCC_WARN_64_TO_32_BIT_CONVERSION = YES;
				GCC_WARN_ABOUT_RETURN_TYPE = YES_ERROR;
				GCC_WARN_UNDECLARED_SELECTOR = YES;
				GCC_WARN_UNINITIALIZED_AUTOS = YES_AGGRESSIVE;
				GCC_WARN_UNUSED_FUNCTION = YES;
				GCC_WARN_UNUSED_VARIABLE = YES;
				MACOSX_DEPLOYMENT_TARGET = 11.0;
				MTL_ENABLE_DEBUG_INFO = INCLUDE_SOURCE;
				MTL_FAST_MATH = YES;
				ONLY_ACTIVE_ARCH = YES;
				SDKROOT = macosx;
				SWIFT_ACTIVE_COMPILATION_CONDITIONS = DEBUG;
				SWIFT_OPTIMIZATION_LEVEL = "-Onone";
			};
			name = Debug;
		};
		113E0E7E22B164A700E4295B /* Release */ = {
			isa = XCBuildConfiguration;
			buildSettings = {
				ALWAYS_SEARCH_USER_PATHS = NO;
				CLANG_ANALYZER_NONNULL = YES;
				CLANG_ANALYZER_NUMBER_OBJECT_CONVERSION = YES_AGGRESSIVE;
				CLANG_CXX_LANGUAGE_STANDARD = "gnu++14";
				CLANG_CXX_LIBRARY = "libc++";
				CLANG_ENABLE_CODE_COVERAGE = NO;
				"CLANG_ENABLE_CODE_COVERAGE[arch=*]" = NO;
				CLANG_ENABLE_MODULES = YES;
				CLANG_ENABLE_OBJC_ARC = YES;
				CLANG_ENABLE_OBJC_WEAK = YES;
				CLANG_WARN_BLOCK_CAPTURE_AUTORELEASING = YES;
				CLANG_WARN_BOOL_CONVERSION = YES;
				CLANG_WARN_COMMA = YES;
				CLANG_WARN_CONSTANT_CONVERSION = YES;
				CLANG_WARN_DEPRECATED_OBJC_IMPLEMENTATIONS = YES;
				CLANG_WARN_DIRECT_OBJC_ISA_USAGE = YES_ERROR;
				CLANG_WARN_DOCUMENTATION_COMMENTS = YES;
				CLANG_WARN_EMPTY_BODY = YES;
				CLANG_WARN_ENUM_CONVERSION = YES;
				CLANG_WARN_INFINITE_RECURSION = YES;
				CLANG_WARN_INT_CONVERSION = YES;
				CLANG_WARN_NON_LITERAL_NULL_CONVERSION = YES;
				CLANG_WARN_OBJC_IMPLICIT_RETAIN_SELF = YES;
				CLANG_WARN_OBJC_LITERAL_CONVERSION = YES;
				CLANG_WARN_OBJC_ROOT_CLASS = YES_ERROR;
				CLANG_WARN_QUOTED_INCLUDE_IN_FRAMEWORK_HEADER = YES;
				CLANG_WARN_RANGE_LOOP_ANALYSIS = YES;
				CLANG_WARN_STRICT_PROTOTYPES = YES;
				CLANG_WARN_SUSPICIOUS_MOVE = YES;
				CLANG_WARN_UNGUARDED_AVAILABILITY = YES_AGGRESSIVE;
				CLANG_WARN_UNREACHABLE_CODE = YES;
				CLANG_WARN__DUPLICATE_METHOD_MATCH = YES;
				CODE_SIGN_IDENTITY = "Mac Developer";
				COPY_PHASE_STRIP = NO;
				DEAD_CODE_STRIPPING = YES;
				DEBUG_INFORMATION_FORMAT = "dwarf-with-dsym";
				ENABLE_NS_ASSERTIONS = NO;
				ENABLE_STRICT_OBJC_MSGSEND = YES;
				"EXCLUDED_ARCHS[sdk=*]" = arm64;
				GCC_C_LANGUAGE_STANDARD = gnu11;
				GCC_NO_COMMON_BLOCKS = YES;
				GCC_WARN_64_TO_32_BIT_CONVERSION = YES;
				GCC_WARN_ABOUT_RETURN_TYPE = YES_ERROR;
				GCC_WARN_UNDECLARED_SELECTOR = YES;
				GCC_WARN_UNINITIALIZED_AUTOS = YES_AGGRESSIVE;
				GCC_WARN_UNUSED_FUNCTION = YES;
				GCC_WARN_UNUSED_VARIABLE = YES;
				MACOSX_DEPLOYMENT_TARGET = 11.0;
				MTL_ENABLE_DEBUG_INFO = NO;
				MTL_FAST_MATH = YES;
				SDKROOT = macosx;
				SWIFT_COMPILATION_MODE = wholemodule;
				SWIFT_OPTIMIZATION_LEVEL = "-O";
			};
			name = Release;
		};
		113E0E8022B164A700E4295B /* Debug */ = {
			isa = XCBuildConfiguration;
			baseConfigurationReference = 3ACCFF1A7354685ABC854C5E /* Pods-Grove Support.debug.xcconfig */;
			buildSettings = {
				ALLOW_TARGET_PLATFORM_SPECIALIZATION = YES;
				ASSETCATALOG_COMPILER_APPICON_NAME = AppIcon;
				ASSETCATALOG_COMPILER_INCLUDE_ALL_APPICON_ASSETS = NO;
				CLANG_ENABLE_CODE_COVERAGE = NO;
				CODE_SIGN_IDENTITY = "Apple Development";
				CODE_SIGN_INJECT_BASE_ENTITLEMENTS = NO;
				CODE_SIGN_STYLE = Automatic;
				COMBINE_HIDPI_IMAGES = YES;
				CURRENT_PROJECT_VERSION = 8.5;
				DEAD_CODE_STRIPPING = YES;
				DEVELOPMENT_TEAM = 2D4Z7WQ7RS;
				ENABLE_HARDENED_RUNTIME = YES;
				"EXCLUDED_ARCHS[sdk=*]" = "";
				FRAMEWORK_SEARCH_PATHS = (
					"$(inherited)",
					"$(PROJECT_DIR)/Grove\\ Support",
					"$(PROJECT_DIR)/Grove\\ Support",
					"$(PROJECT_DIR)/Grove\\ Support",
				);
				INFOPLIST_FILE = "Grove Support/Info.plist";
				LD_RUNPATH_SEARCH_PATHS = (
					"$(inherited)",
					"@loader_path/../Frameworks",
					"@executable_path/../Frameworks",
				);
				MACOSX_DEPLOYMENT_TARGET = 11.0;
				MARKETING_VERSION = 8.5;
				PRODUCT_BUNDLE_IDENTIFIER = com.jonbrown.org.guruspport;
				PRODUCT_NAME = "$(TARGET_NAME)";
				PROVISIONING_PROFILE_SPECIFIER = "";
				SUPPORTED_PLATFORMS = macosx;
				SUPPORTS_MACCATALYST = YES;
				SWIFT_VERSION = 5.0;
			};
			name = Debug;
		};
		113E0E8122B164A700E4295B /* Release */ = {
			isa = XCBuildConfiguration;
			baseConfigurationReference = D818B0E71C5C5512A749BDBF /* Pods-Grove Support.release.xcconfig */;
			buildSettings = {
				ALLOW_TARGET_PLATFORM_SPECIALIZATION = YES;
				ASSETCATALOG_COMPILER_APPICON_NAME = AppIcon;
				ASSETCATALOG_COMPILER_INCLUDE_ALL_APPICON_ASSETS = NO;
				CLANG_ENABLE_CODE_COVERAGE = NO;
				CODE_SIGN_IDENTITY = "Apple Development";
				CODE_SIGN_INJECT_BASE_ENTITLEMENTS = NO;
				CODE_SIGN_STYLE = Automatic;
				COMBINE_HIDPI_IMAGES = YES;
				CURRENT_PROJECT_VERSION = 8.5;
				DEAD_CODE_STRIPPING = YES;
				DEVELOPMENT_TEAM = 2D4Z7WQ7RS;
				ENABLE_HARDENED_RUNTIME = YES;
				"EXCLUDED_ARCHS[sdk=*]" = "";
				FRAMEWORK_SEARCH_PATHS = (
					"$(inherited)",
					"$(PROJECT_DIR)/Grove\\ Support",
					"$(PROJECT_DIR)/Grove\\ Support",
					"$(PROJECT_DIR)/Grove\\ Support",
				);
				INFOPLIST_FILE = "Grove Support/Info.plist";
				LD_RUNPATH_SEARCH_PATHS = (
					"$(inherited)",
					"@loader_path/../Frameworks",
					"@executable_path/../Frameworks",
				);
				MACOSX_DEPLOYMENT_TARGET = 11.0;
				MARKETING_VERSION = 8.5;
				PRODUCT_BUNDLE_IDENTIFIER = com.jonbrown.org.guruspport;
				PRODUCT_NAME = "$(TARGET_NAME)";
				PROVISIONING_PROFILE_SPECIFIER = "";
				SUPPORTED_PLATFORMS = macosx;
				SUPPORTS_MACCATALYST = YES;
				SWIFT_VERSION = 5.0;
			};
			name = Release;
		};
		113E0E8322B164A700E4295B /* Debug */ = {
			isa = XCBuildConfiguration;
			buildSettings = {
				ALWAYS_EMBED_SWIFT_STANDARD_LIBRARIES = YES;
				BUNDLE_LOADER = "$(TEST_HOST)";
				CLANG_ENABLE_CODE_COVERAGE = NO;
				CODE_SIGN_STYLE = Automatic;
				COMBINE_HIDPI_IMAGES = YES;
				DEAD_CODE_STRIPPING = YES;
				DEVELOPMENT_TEAM = 2D4Z7WQ7RS;
				FRAMEWORK_SEARCH_PATHS = (
					"$(inherited)",
					"$(PROJECT_DIR)/Carthage/Build/Mac",
				);
				INFOPLIST_FILE = "Grove SupportTests/Info.plist";
				LD_RUNPATH_SEARCH_PATHS = (
					"$(inherited)",
					"@executable_path/../Frameworks",
					"@loader_path/../Frameworks",
				);
				PRODUCT_BUNDLE_IDENTIFIER = "com.grovetech.co.Grove-SupportTests";
				PRODUCT_NAME = "$(TARGET_NAME)";
				SWIFT_VERSION = 5.0;
				TEST_HOST = "$(BUILT_PRODUCTS_DIR)/Grove Support.app/Contents/MacOS/Grove Support";
			};
			name = Debug;
		};
		113E0E8422B164A700E4295B /* Release */ = {
			isa = XCBuildConfiguration;
			buildSettings = {
				ALWAYS_EMBED_SWIFT_STANDARD_LIBRARIES = YES;
				BUNDLE_LOADER = "$(TEST_HOST)";
				CLANG_ENABLE_CODE_COVERAGE = NO;
				CODE_SIGN_STYLE = Automatic;
				COMBINE_HIDPI_IMAGES = YES;
				DEAD_CODE_STRIPPING = YES;
				DEVELOPMENT_TEAM = 2D4Z7WQ7RS;
				FRAMEWORK_SEARCH_PATHS = (
					"$(inherited)",
					"$(PROJECT_DIR)/Carthage/Build/Mac",
				);
				INFOPLIST_FILE = "Grove SupportTests/Info.plist";
				LD_RUNPATH_SEARCH_PATHS = (
					"$(inherited)",
					"@executable_path/../Frameworks",
					"@loader_path/../Frameworks",
				);
				PRODUCT_BUNDLE_IDENTIFIER = "com.grovetech.co.Grove-SupportTests";
				PRODUCT_NAME = "$(TARGET_NAME)";
				SWIFT_VERSION = 5.0;
				TEST_HOST = "$(BUILT_PRODUCTS_DIR)/Grove Support.app/Contents/MacOS/Grove Support";
			};
			name = Release;
		};
		113E0E8622B164A700E4295B /* Debug */ = {
			isa = XCBuildConfiguration;
			buildSettings = {
				ALWAYS_EMBED_SWIFT_STANDARD_LIBRARIES = YES;
				CLANG_ENABLE_CODE_COVERAGE = NO;
				CODE_SIGN_STYLE = Automatic;
				COMBINE_HIDPI_IMAGES = YES;
				DEAD_CODE_STRIPPING = YES;
				DEVELOPMENT_TEAM = 2D4Z7WQ7RS;
				FRAMEWORK_SEARCH_PATHS = (
					"$(inherited)",
					"$(PROJECT_DIR)/Carthage/Build/Mac",
				);
				INFOPLIST_FILE = "Grove SupportUITests/Info.plist";
				LD_RUNPATH_SEARCH_PATHS = (
					"$(inherited)",
					"@executable_path/../Frameworks",
					"@loader_path/../Frameworks",
				);
				PRODUCT_BUNDLE_IDENTIFIER = "com.grovetech.co.Grove-SupportUITests";
				PRODUCT_NAME = "$(TARGET_NAME)";
				SWIFT_VERSION = 5.0;
				TEST_TARGET_NAME = "Grove Support";
			};
			name = Debug;
		};
		113E0E8722B164A700E4295B /* Release */ = {
			isa = XCBuildConfiguration;
			buildSettings = {
				ALWAYS_EMBED_SWIFT_STANDARD_LIBRARIES = YES;
				CLANG_ENABLE_CODE_COVERAGE = NO;
				CODE_SIGN_STYLE = Automatic;
				COMBINE_HIDPI_IMAGES = YES;
				DEAD_CODE_STRIPPING = YES;
				DEVELOPMENT_TEAM = 2D4Z7WQ7RS;
				FRAMEWORK_SEARCH_PATHS = (
					"$(inherited)",
					"$(PROJECT_DIR)/Carthage/Build/Mac",
				);
				INFOPLIST_FILE = "Grove SupportUITests/Info.plist";
				LD_RUNPATH_SEARCH_PATHS = (
					"$(inherited)",
					"@executable_path/../Frameworks",
					"@loader_path/../Frameworks",
				);
				PRODUCT_BUNDLE_IDENTIFIER = "com.grovetech.co.Grove-SupportUITests";
				PRODUCT_NAME = "$(TARGET_NAME)";
				SWIFT_VERSION = 5.0;
				TEST_TARGET_NAME = "Grove Support";
			};
			name = Release;
		};
/* End XCBuildConfiguration section */

/* Begin XCConfigurationList section */
		113E0E5422B164A600E4295B /* Build configuration list for PBXProject "Grove Support" */ = {
			isa = XCConfigurationList;
			buildConfigurations = (
				113E0E7D22B164A700E4295B /* Debug */,
				113E0E7E22B164A700E4295B /* Release */,
			);
			defaultConfigurationIsVisible = 0;
			defaultConfigurationName = Release;
		};
		113E0E7F22B164A700E4295B /* Build configuration list for PBXNativeTarget "Grove Support" */ = {
			isa = XCConfigurationList;
			buildConfigurations = (
				113E0E8022B164A700E4295B /* Debug */,
				113E0E8122B164A700E4295B /* Release */,
			);
			defaultConfigurationIsVisible = 0;
			defaultConfigurationName = Release;
		};
		113E0E8222B164A700E4295B /* Build configuration list for PBXNativeTarget "Grove SupportTests" */ = {
			isa = XCConfigurationList;
			buildConfigurations = (
				113E0E8322B164A700E4295B /* Debug */,
				113E0E8422B164A700E4295B /* Release */,
			);
			defaultConfigurationIsVisible = 0;
			defaultConfigurationName = Release;
		};
		113E0E8522B164A700E4295B /* Build configuration list for PBXNativeTarget "Grove SupportUITests" */ = {
			isa = XCConfigurationList;
			buildConfigurations = (
				113E0E8622B164A700E4295B /* Debug */,
				113E0E8722B164A700E4295B /* Release */,
			);
			defaultConfigurationIsVisible = 0;
			defaultConfigurationName = Release;
		};
/* End XCConfigurationList section */

/* Begin XCRemoteSwiftPackageReference section */
		FCD78858265F016C00CB0718 /* XCRemoteSwiftPackageReference "LaunchAtLogin" */ = {
			isa = XCRemoteSwiftPackageReference;
			repositoryURL = "https://github.com/sindresorhus/LaunchAtLogin";
			requirement = {
				kind = upToNextMajorVersion;
				minimumVersion = 4.1.0;
			};
		};
/* End XCRemoteSwiftPackageReference section */

/* Begin XCSwiftPackageProductDependency section */
		FCD78859265F016C00CB0718 /* LaunchAtLogin */ = {
			isa = XCSwiftPackageProductDependency;
			package = FCD78858265F016C00CB0718 /* XCRemoteSwiftPackageReference "LaunchAtLogin" */;
			productName = LaunchAtLogin;
		};
/* End XCSwiftPackageProductDependency section */
	};
	rootObject = 113E0E5122B164A600E4295B /* Project object */;
}
